
Microsoft Visual Studio Solution File, Format Version 12.00
# Visual Studio Version 16
VisualStudioVersion = 16.0.31402.337
MinimumVisualStudioVersion = 10.0.40219.1
Project("{FAE04EC0-301F-11D3-BF4B-00C04F79EFBC}") = "VerifyPlayground", "VerifyPlayground\VerifyPlayground.csproj", "{D049C97B-77F6-4B8F-9089-A57A10556F18}"
EndProject
Project("{FAE04EC0-301F-11D3-BF4B-00C04F79EFBC}") = "ClassLibrary1", "ClassLibrary1\ClassLibrary1.csproj", "{C6B5F257-781C-4C50-A4B4-EAC524CBE5A6}"
EndProject
Global
	GlobalSection(SolutionConfigurationPlatforms) = preSolution
		Debug|Any CPU = Debug|Any CPU
		Release|Any CPU = Release|Any CPU
	EndGlobalSection
	GlobalSection(ProjectConfigurationPlatforms) = postSolution
		{D049C97B-77F6-4B8F-9089-A57A10556F18}.Debug|Any CPU.ActiveCfg = Debug|Any CPU
		{D049C97B-77F6-4B8F-9089-A57A10556F18}.Debug|Any CPU.Build.0 = Debug|Any CPU
		{D049C97B-77F6-4B8F-9089-A57A10556F18}.Release|Any CPU.ActiveCfg = Release|Any CPU
		{D049C97B-77F6-4B8F-9089-A57A10556F18}.Release|Any CPU.Build.0 = Release|Any CPU
		{C6B5F257-781C-4C50-A4B4-EAC524CBE5A6}.Debug|Any CPU.ActiveCfg = Debug|Any CPU
		{C6B5F257-781C-4C50-A4B4-EAC524CBE5A6}.Debug|Any CPU.Build.0 = Debug|Any CPU
		{C6B5F257-781C-4C50-A4B4-EAC524CBE5A6}.Release|Any CPU.ActiveCfg = Release|Any CPU
		{C6B5F257-781C-4C50-A4B4-EAC524CBE5A6}.Release|Any CPU.Build.0 = Release|Any CPU
	EndGlobalSection
	GlobalSection(SolutionProperties) = preSolution
		HideSolutionNode = FALSE
	EndGlobalSection
	GlobalSection(ExtensibilityGlobals) = postSolution
		SolutionGuid = {E86FEADD-AEFD-422A-BD72-AA0FD011F837}
	EndGlobalSection
EndGlobal
